
Microsoft Visual Studio Solution File, Format Version 12.00
# Visual Studio Version 17
VisualStudioVersion = 17.5.33414.496
MinimumVisualStudioVersion = 10.0.40219.1
Project("{FAE04EC0-301F-11D3-BF4B-00C04F79EFBC}") = "API", "API.csproj", "{64B88852-4DDF-423A-858F-0D920F22E46A}"
EndProject
Global
	GlobalSection(SolutionConfigurationPlatforms) = preSolution
		Debug|Any CPU = Debug|Any CPU
		Release|Any CPU = Release|Any CPU
	EndGlobalSection
	GlobalSection(ProjectConfigurationPlatforms) = postSolution
		{64B88852-4DDF-423A-858F-0D920F22E46A}.Debug|Any CPU.ActiveCfg = Debug|Any CPU
		{64B88852-4DDF-423A-858F-0D920F22E46A}.Debug|Any CPU.Build.0 = Debug|Any CPU
		{64B88852-4DDF-423A-858F-0D920F22E46A}.Release|Any CPU.ActiveCfg = Release|Any CPU
		{64B88852-4DDF-423A-858F-0D920F22E46A}.Release|Any CPU.Build.0 = Release|Any CPU
	EndGlobalSection
	GlobalSection(SolutionProperties) = preSolution
		HideSolutionNode = FALSE
	EndGlobalSection
	GlobalSection(ExtensibilityGlobals) = postSolution
		SolutionGuid = {0617E597-753C-4B74-ADEE-A814F9E5C616}
	EndGlobalSection
EndGlobal
